
Microsoft Visual Studio Solution File, Format Version 12.00
# Visual Studio Version 17
VisualStudioVersion = 17.5.33516.290
MinimumVisualStudioVersion = 10.0.40219.1
Project("{9A19103F-16F7-4668-BE54-9A1E7A4F7556}") = "CrystaLaw.Domain", "src\CrystaLaw.Domain\CrystaLaw.Domain.csproj", "{6A018EB9-CA42-489E-A37E-E7A6F7EA7396}"
EndProject
Project("{9A19103F-16F7-4668-BE54-9A1E7A4F7556}") = "CrystaLaw.Domain.Test", "src\CrystaLaw.Domain.Test\CrystaLaw.Domain.Test.csproj", "{977B5C01-B4D5-4895-B80B-0AEAFB0FB701}"
EndProject
Project("{9A19103F-16F7-4668-BE54-9A1E7A4F7556}") = "CrystaLaw.ConsoleApp", "src\CrystaLaw.ConsoleApp\CrystaLaw.ConsoleApp.csproj", "{F7DAD978-0785-4E4A-8012-D4DDA35DCA12}"
EndProject
Project("{9A19103F-16F7-4668-BE54-9A1E7A4F7556}") = "CrystaLaw.ConsoleApp.Infra", "src\CrystaLaw.ConsoleApp.Infra\CrystaLaw.ConsoleApp.Infra.csproj", "{C320674F-DA2A-4BEB-9299-C9241AC47D28}"
EndProject
Global
	GlobalSection(SolutionConfigurationPlatforms) = preSolution
		Debug|Any CPU = Debug|Any CPU
		Release|Any CPU = Release|Any CPU
	EndGlobalSection
	GlobalSection(ProjectConfigurationPlatforms) = postSolution
		{6A018EB9-CA42-489E-A37E-E7A6F7EA7396}.Debug|Any CPU.ActiveCfg = Debug|Any CPU
		{6A018EB9-CA42-489E-A37E-E7A6F7EA7396}.Debug|Any CPU.Build.0 = Debug|Any CPU
		{6A018EB9-CA42-489E-A37E-E7A6F7EA7396}.Release|Any CPU.ActiveCfg = Release|Any CPU
		{6A018EB9-CA42-489E-A37E-E7A6F7EA7396}.Release|Any CPU.Build.0 = Release|Any CPU
		{977B5C01-B4D5-4895-B80B-0AEAFB0FB701}.Debug|Any CPU.ActiveCfg = Debug|Any CPU
		{977B5C01-B4D5-4895-B80B-0AEAFB0FB701}.Debug|Any CPU.Build.0 = Debug|Any CPU
		{977B5C01-B4D5-4895-B80B-0AEAFB0FB701}.Release|Any CPU.ActiveCfg = Release|Any CPU
		{977B5C01-B4D5-4895-B80B-0AEAFB0FB701}.Release|Any CPU.Build.0 = Release|Any CPU
		{F7DAD978-0785-4E4A-8012-D4DDA35DCA12}.Debug|Any CPU.ActiveCfg = Debug|Any CPU
		{F7DAD978-0785-4E4A-8012-D4DDA35DCA12}.Debug|Any CPU.Build.0 = Debug|Any CPU
		{F7DAD978-0785-4E4A-8012-D4DDA35DCA12}.Release|Any CPU.ActiveCfg = Release|Any CPU
		{F7DAD978-0785-4E4A-8012-D4DDA35DCA12}.Release|Any CPU.Build.0 = Release|Any CPU
		{C320674F-DA2A-4BEB-9299-C9241AC47D28}.Debug|Any CPU.ActiveCfg = Debug|Any CPU
		{C320674F-DA2A-4BEB-9299-C9241AC47D28}.Debug|Any CPU.Build.0 = Debug|Any CPU
		{C320674F-DA2A-4BEB-9299-C9241AC47D28}.Release|Any CPU.ActiveCfg = Release|Any CPU
		{C320674F-DA2A-4BEB-9299-C9241AC47D28}.Release|Any CPU.Build.0 = Release|Any CPU
	EndGlobalSection
	GlobalSection(SolutionProperties) = preSolution
		HideSolutionNode = FALSE
	EndGlobalSection
	GlobalSection(ExtensibilityGlobals) = postSolution
		SolutionGuid = {22207871-C4F7-4A92-A5B1-C19AF1CEF2BF}
	EndGlobalSection
EndGlobal
