
Microsoft Visual Studio Solution File, Format Version 12.00
# Visual Studio Version 17
VisualStudioVersion = 17.5.33516.290
MinimumVisualStudioVersion = 10.0.40219.1
Project("{FAE04EC0-301F-11D3-BF4B-00C04F79EFBC}") = "CrystaLaw.Domain", "src\CrystaLaw.Domain\CrystaLaw.Domain.csproj", "{6A018EB9-CA42-489E-A37E-E7A6F7EA7396}"
EndProject
Project("{FAE04EC0-301F-11D3-BF4B-00C04F79EFBC}") = "CrystaLaw.Domain.Test", "CrystaLaw.Domain.Test\CrystaLaw.Domain.Test.csproj", "{E33D45D7-97CD-454C-99E0-23901A8DF003}"
EndProject
Project("{FAE04EC0-301F-11D3-BF4B-00C04F79EFBC}") = "CrystaLaw.Infra", "src\CrystaLaw.Infra\CrystaLaw.Infra.csproj", "{CC50216E-2F60-4BC2-99E1-148829133316}"
EndProject
Global
	GlobalSection(SolutionConfigurationPlatforms) = preSolution
		Debug|Any CPU = Debug|Any CPU
		Release|Any CPU = Release|Any CPU
	EndGlobalSection
	GlobalSection(ProjectConfigurationPlatforms) = postSolution
		{6A018EB9-CA42-489E-A37E-E7A6F7EA7396}.Debug|Any CPU.ActiveCfg = Debug|Any CPU
		{6A018EB9-CA42-489E-A37E-E7A6F7EA7396}.Debug|Any CPU.Build.0 = Debug|Any CPU
		{6A018EB9-CA42-489E-A37E-E7A6F7EA7396}.Release|Any CPU.ActiveCfg = Release|Any CPU
		{6A018EB9-CA42-489E-A37E-E7A6F7EA7396}.Release|Any CPU.Build.0 = Release|Any CPU
		{E33D45D7-97CD-454C-99E0-23901A8DF003}.Debug|Any CPU.ActiveCfg = Debug|Any CPU
		{E33D45D7-97CD-454C-99E0-23901A8DF003}.Debug|Any CPU.Build.0 = Debug|Any CPU
		{E33D45D7-97CD-454C-99E0-23901A8DF003}.Release|Any CPU.ActiveCfg = Release|Any CPU
		{E33D45D7-97CD-454C-99E0-23901A8DF003}.Release|Any CPU.Build.0 = Release|Any CPU
		{CC50216E-2F60-4BC2-99E1-148829133316}.Debug|Any CPU.ActiveCfg = Debug|Any CPU
		{CC50216E-2F60-4BC2-99E1-148829133316}.Debug|Any CPU.Build.0 = Debug|Any CPU
		{CC50216E-2F60-4BC2-99E1-148829133316}.Release|Any CPU.ActiveCfg = Release|Any CPU
		{CC50216E-2F60-4BC2-99E1-148829133316}.Release|Any CPU.Build.0 = Release|Any CPU
	EndGlobalSection
	GlobalSection(SolutionProperties) = preSolution
		HideSolutionNode = FALSE
	EndGlobalSection
	GlobalSection(ExtensibilityGlobals) = postSolution
		SolutionGuid = {22207871-C4F7-4A92-A5B1-C19AF1CEF2BF}
	EndGlobalSection
EndGlobal
